<?xml version="1.0" encoding="utf-8"?>
<Project ToolsVersion="4.0" xmlns="http://schemas.microsoft.com/developer/msbuild/2003">
  <ItemGroup>
    <Filter Include="Source Files">
      <UniqueIdentifier>{4FC737F1-C7A5-4376-A066-2A32D752A2FF}</UniqueIdentifier>
      <Extensions>cpp;c;cc;cxx;def;odl;idl;hpj;bat;asm;asmx</Extensions>
    </Filter>
    <Filter Include="Header Files">
      <UniqueIdentifier>{93995380-89BD-4b04-88EB-625FBE52EBFB}</UniqueIdentifier>
      <Extensions>h;hh;hpp;hxx;hm;inl;inc;xsd</Extensions>
    </Filter>
    <Filter Include="Resource Files">
      <UniqueIdentifier>{67DA6AB6-F800-4c08-8B7A-83BB121AAD01}</UniqueIdentifier>
      <Extensions>rc;ico;cur;bmp;dlg;rc2;rct;bin;rgs;gif;jpg;jpeg;jpe;resx;tiff;tif;png;wav;mfcribbon-ms</Extensions>
    </Filter>
  </ItemGroup>
  <ItemGroup>
    <ClInclude Include="src\stdafx.h">
      <Filter>Header Files</Filter>
    </ClInclude>
    <ClInclude Include="src\targetver.h">
      <Filter>Header Files</Filter>
    </ClInclude>
    <ClInclude Include="src\resource.h">
      <Filter>Header Files</Filter>
    </ClInclude>
    <ClInclude Include="src\Winyl.h">
      <Filter>Header Files</Filter>
    </ClInclude>
    <ClInclude Include="src\Associations.h">
      <Filter>Header Files</Filter>
    </ClInclude>
    <ClInclude Include="src\AutoHandle.h">
      <Filter>Header Files</Filter>
    </ClInclude>
    <ClInclude Include="src\ContextMenu.h">
      <Filter>Header Files</Filter>
    </ClInclude>
    <ClInclude Include="src\CoverLoader.h">
      <Filter>Header Files</Filter>
    </ClInclude>
    <ClInclude Include="src\CueFile.h">
      <Filter>Header Files</Filter>
    </ClInclude>
    <ClInclude Include="src\DBase.h">
      <Filter>Header Files</Filter>
    </ClInclude>
    <ClInclude Include="src\DialogEx.h">
      <Filter>Header Files</Filter>
    </ClInclude>
    <ClInclude Include="src\DlgAbout.h">
      <Filter>Header Files</Filter>
    </ClInclude>
    <ClInclude Include="src\DlgConfig.h">
      <Filter>Header Files</Filter>
    </ClInclude>
    <ClInclude Include="src\DlgEqualizer.h">
      <Filter>Header Files</Filter>
    </ClInclude>
    <ClInclude Include="src\DlgHotKeys.h">
      <Filter>Header Files</Filter>
    </ClInclude>
    <ClInclude Include="src\DlgLanguage.h">
      <Filter>Header Files</Filter>
    </ClInclude>
    <ClInclude Include="src\DlgLibrary.h">
      <Filter>Header Files</Filter>
    </ClInclude>
    <ClInclude Include="src\DlgNewVersion.h">
      <Filter>Header Files</Filter>
    </ClInclude>
    <ClInclude Include="src\DlgOpenURL.h">
      <Filter>Header Files</Filter>
    </ClInclude>
    <ClInclude Include="src\DlgPageCover.h">
      <Filter>Header Files</Filter>
    </ClInclude>
    <ClInclude Include="src\DlgPageGeneral.h">
      <Filter>Header Files</Filter>
    </ClInclude>
    <ClInclude Include="src\DlgPageGeneralXP.h">
      <Filter>Header Files</Filter>
    </ClInclude>
    <ClInclude Include="src\DlgPageLibrary.h">
      <Filter>Header Files</Filter>
    </ClInclude>
    <ClInclude Include="src\DlgPageLibraryOpt.h">
      <Filter>Header Files</Filter>
    </ClInclude>
    <ClInclude Include="src\DlgPageLyrics.h">
      <Filter>Header Files</Filter>
    </ClInclude>
    <ClInclude Include="src\DlgPageMini.h">
      <Filter>Header Files</Filter>
    </ClInclude>
    <ClInclude Include="src\DlgPagePopup.h">
      <Filter>Header Files</Filter>
    </ClInclude>
    <ClInclude Include="src\DlgPageSystem.h">
      <Filter>Header Files</Filter>
    </ClInclude>
    <ClInclude Include="src\DlgPageTags.h">
      <Filter>Header Files</Filter>
    </ClInclude>
    <ClInclude Include="src\DlgProgress.h">
      <Filter>Header Files</Filter>
    </ClInclude>
    <ClInclude Include="src\DlgProperties.h">
      <Filter>Header Files</Filter>
    </ClInclude>
    <ClInclude Include="src\DlgRename.h">
      <Filter>Header Files</Filter>
    </ClInclude>
    <ClInclude Include="src\DlgSkin.h">
      <Filter>Header Files</Filter>
    </ClInclude>
    <ClInclude Include="src\DlgSmart.h">
      <Filter>Header Files</Filter>
    </ClInclude>
    <ClInclude Include="src\DlgSmartAlbums.h">
      <Filter>Header Files</Filter>
    </ClInclude>
    <ClInclude Include="src\DlgSmartTracks.h">
      <Filter>Header Files</Filter>
    </ClInclude>
    <ClInclude Include="src\DragIconWnd.h">
      <Filter>Header Files</Filter>
    </ClInclude>
    <ClInclude Include="src\DropTargetOpen.h">
      <Filter>Header Files</Filter>
    </ClInclude>
    <ClInclude Include="src\ExImage.h">
      <Filter>Header Files</Filter>
    </ClInclude>
    <ClInclude Include="src\FileDialogEx.h">
      <Filter>Header Files</Filter>
    </ClInclude>
    <ClInclude Include="src\FileSystem.h">
      <Filter>Header Files</Filter>
    </ClInclude>
    <ClInclude Include="src\FontsLoader.h">
      <Filter>Header Files</Filter>
    </ClInclude>
    <ClInclude Include="src\FutureWin.h">
      <Filter>Header Files</Filter>
    </ClInclude>
    <ClInclude Include="src\HotKeys.h">
      <Filter>Header Files</Filter>
    </ClInclude>
    <ClInclude Include="src\HttpClient.h">
      <Filter>Header Files</Filter>
    </ClInclude>
    <ClInclude Include="src\Language.h">
      <Filter>Header Files</Filter>
    </ClInclude>
    <ClInclude Include="src\LastFM.h">
      <Filter>Header Files</Filter>
    </ClInclude>
    <ClInclude Include="src\LibAudio.h">
      <Filter>Header Files</Filter>
    </ClInclude>
    <ClInclude Include="src\LyricsLoader.h">
      <Filter>Header Files</Filter>
    </ClInclude>
    <ClInclude Include="src\MessageBox.h">
      <Filter>Header Files</Filter>
    </ClInclude>
    <ClInclude Include="src\Messengers.h">
      <Filter>Header Files</Filter>
    </ClInclude>
    <ClInclude Include="src\MoveResize.h">
      <Filter>Header Files</Filter>
    </ClInclude>
    <ClInclude Include="src\mtypes.h">
      <Filter>Header Files</Filter>
    </ClInclude>
    <ClInclude Include="src\MyDataObject.h">
      <Filter>Header Files</Filter>
    </ClInclude>
    <ClInclude Include="src\MyDropSource.h">
      <Filter>Header Files</Filter>
    </ClInclude>
    <ClInclude Include="src\MyDropTarget.h">
      <Filter>Header Files</Filter>
    </ClInclude>
    <ClInclude Include="src\PlsFile.h">
      <Filter>Header Files</Filter>
    </ClInclude>
    <ClInclude Include="src\Progress.h">
      <Filter>Header Files</Filter>
    </ClInclude>
    <ClInclude Include="src\Properties.h">
      <Filter>Header Files</Filter>
    </ClInclude>
    <ClInclude Include="src\Radio.h">
      <Filter>Header Files</Filter>
    </ClInclude>
    <ClInclude Include="src\RadioList.h">
      <Filter>Header Files</Filter>
    </ClInclude>
    <ClInclude Include="src\Settings.h">
      <Filter>Header Files</Filter>
    </ClInclude>
    <ClInclude Include="src\SkinAlpha.h">
      <Filter>Header Files</Filter>
    </ClInclude>
    <ClInclude Include="src\SkinButton.h">
      <Filter>Header Files</Filter>
    </ClInclude>
    <ClInclude Include="src\SkinCover.h">
      <Filter>Header Files</Filter>
    </ClInclude>
    <ClInclude Include="src\SkinDraw.h">
      <Filter>Header Files</Filter>
    </ClInclude>
    <ClInclude Include="src\SkinEdit.h">
      <Filter>Header Files</Filter>
    </ClInclude>
    <ClInclude Include="src\SkinElement.h">
      <Filter>Header Files</Filter>
    </ClInclude>
    <ClInclude Include="src\SkinLayout.h">
      <Filter>Header Files</Filter>
    </ClInclude>
    <ClInclude Include="src\SkinLayoutBack.h">
      <Filter>Header Files</Filter>
    </ClInclude>
    <ClInclude Include="src\SkinLayoutElement.h">
      <Filter>Header Files</Filter>
    </ClInclude>
    <ClInclude Include="src\SkinList.h">
      <Filter>Header Files</Filter>
    </ClInclude>
    <ClInclude Include="src\SkinListBack.h">
      <Filter>Header Files</Filter>
    </ClInclude>
    <ClInclude Include="src\SkinListElement.h">
      <Filter>Header Files</Filter>
    </ClInclude>
    <ClInclude Include="src\SkinListNode.h">
      <Filter>Header Files</Filter>
    </ClInclude>
    <ClInclude Include="src\SkinListThread.h">
      <Filter>Header Files</Filter>
    </ClInclude>
    <ClInclude Include="src\SkinLyrics.h">
      <Filter>Header Files</Filter>
    </ClInclude>
    <ClInclude Include="src\SkinMini.h">
      <Filter>Header Files</Filter>
    </ClInclude>
    <ClInclude Include="src\SkinPopup.h">
      <Filter>Header Files</Filter>
    </ClInclude>
    <ClInclude Include="src\SkinPopupElement.h">
      <Filter>Header Files</Filter>
    </ClInclude>
    <ClInclude Include="src\SkinRating.h">
      <Filter>Header Files</Filter>
    </ClInclude>
    <ClInclude Include="src\SkinScroll.h">
      <Filter>Header Files</Filter>
    </ClInclude>
    <ClInclude Include="src\SkinShadow.h">
      <Filter>Header Files</Filter>
    </ClInclude>
    <ClInclude Include="src\SkinSlider.h">
      <Filter>Header Files</Filter>
    </ClInclude>
    <ClInclude Include="src\SkinSplitter.h">
      <Filter>Header Files</Filter>
    </ClInclude>
    <ClInclude Include="src\SkinSwitch.h">
      <Filter>Header Files</Filter>
    </ClInclude>
    <ClInclude Include="src\SkinText.h">
      <Filter>Header Files</Filter>
    </ClInclude>
    <ClInclude Include="src\SkinTree.h">
      <Filter>Header Files</Filter>
    </ClInclude>
    <ClInclude Include="src\SkinTreeBack.h">
      <Filter>Header Files</Filter>
    </ClInclude>
    <ClInclude Include="src\SkinTreeElement.h">
      <Filter>Header Files</Filter>
    </ClInclude>
    <ClInclude Include="src\SkinTreeNode.h">
      <Filter>Header Files</Filter>
    </ClInclude>
    <ClInclude Include="src\SkinTrigger.h">
      <Filter>Header Files</Filter>
    </ClInclude>
    <ClInclude Include="src\SkinVis.h">
      <Filter>Header Files</Filter>
    </ClInclude>
    <ClInclude Include="src\TagLibCover.h">
      <Filter>Header Files</Filter>
    </ClInclude>
    <ClInclude Include="src\TagLibLyrics.h">
      <Filter>Header Files</Filter>
    </ClInclude>
    <ClInclude Include="src\TagLibReader.h">
      <Filter>Header Files</Filter>
    </ClInclude>
    <ClInclude Include="src\TagLibWriter.h">
      <Filter>Header Files</Filter>
    </ClInclude>
    <ClInclude Include="src\Threading.h">
      <Filter>Header Files</Filter>
    </ClInclude>
    <ClInclude Include="src\ToolTips.h">
      <Filter>Header Files</Filter>
    </ClInclude>
    <ClInclude Include="src\TrayIcon.h">
      <Filter>Header Files</Filter>
    </ClInclude>
    <ClInclude Include="src\UTF.h">
      <Filter>Header Files</Filter>
    </ClInclude>
    <ClInclude Include="src\Win7TaskBar.h">
      <Filter>Header Files</Filter>
    </ClInclude>
    <ClInclude Include="src\WindowEx.h">
      <Filter>Header Files</Filter>
    </ClInclude>
    <ClInclude Include="src\WinylApp.h">
      <Filter>Header Files</Filter>
    </ClInclude>
    <ClInclude Include="src\WinylWnd.h">
      <Filter>Header Files</Filter>
    </ClInclude>
    <ClInclude Include="src\XmlFile.h">
      <Filter>Header Files</Filter>
    </ClInclude>
    <ClInclude Include="src\XmlNode.h">
      <Filter>Header Files</Filter>
    </ClInclude>
    <ClInclude Include="src\ZipFile.h">
      <Filter>Header Files</Filter>
    </ClInclude>
  </ItemGroup>
  <ItemGroup>
    <ClCompile Include="src\stdafx.cpp">
      <Filter>Source Files</Filter>
    </ClCompile>
    <ClCompile Include="src\Winyl.cpp">
      <Filter>Source Files</Filter>
    </ClCompile>
    <ClCompile Include="src\Associations.cpp">
      <Filter>Source Files</Filter>
    </ClCompile>
    <ClCompile Include="src\ContextMenu.cpp">
      <Filter>Source Files</Filter>
    </ClCompile>
    <ClCompile Include="src\CoverLoader.cpp">
      <Filter>Source Files</Filter>
    </ClCompile>
    <ClCompile Include="src\CueFile.cpp">
      <Filter>Source Files</Filter>
    </ClCompile>
    <ClCompile Include="src\DBase.cpp">
      <Filter>Source Files</Filter>
    </ClCompile>
    <ClCompile Include="src\DialogEx.cpp">
      <Filter>Source Files</Filter>
    </ClCompile>
    <ClCompile Include="src\DlgAbout.cpp">
      <Filter>Source Files</Filter>
    </ClCompile>
    <ClCompile Include="src\DlgConfig.cpp">
      <Filter>Source Files</Filter>
    </ClCompile>
    <ClCompile Include="src\DlgEqualizer.cpp">
      <Filter>Source Files</Filter>
    </ClCompile>
    <ClCompile Include="src\DlgHotKeys.cpp">
      <Filter>Source Files</Filter>
    </ClCompile>
    <ClCompile Include="src\DlgLanguage.cpp">
      <Filter>Source Files</Filter>
    </ClCompile>
    <ClCompile Include="src\DlgLibrary.cpp">
      <Filter>Source Files</Filter>
    </ClCompile>
    <ClCompile Include="src\DlgNewVersion.cpp">
      <Filter>Source Files</Filter>
    </ClCompile>
    <ClCompile Include="src\DlgOpenURL.cpp">
      <Filter>Source Files</Filter>
    </ClCompile>
    <ClCompile Include="src\DlgPageCover.cpp">
      <Filter>Source Files</Filter>
    </ClCompile>
    <ClCompile Include="src\DlgPageGeneral.cpp">
      <Filter>Source Files</Filter>
    </ClCompile>
    <ClCompile Include="src\DlgPageGeneralXP.cpp">
      <Filter>Source Files</Filter>
    </ClCompile>
    <ClCompile Include="src\DlgPageLibrary.cpp">
      <Filter>Source Files</Filter>
    </ClCompile>
    <ClCompile Include="src\DlgPageLibraryOpt.cpp">
      <Filter>Source Files</Filter>
    </ClCompile>
    <ClCompile Include="src\DlgPageLyrics.cpp">
      <Filter>Source Files</Filter>
    </ClCompile>
    <ClCompile Include="src\DlgPageMini.cpp">
      <Filter>Source Files</Filter>
    </ClCompile>
    <ClCompile Include="src\DlgPagePopup.cpp">
      <Filter>Source Files</Filter>
    </ClCompile>
    <ClCompile Include="src\DlgPageSystem.cpp">
      <Filter>Source Files</Filter>
    </ClCompile>
    <ClCompile Include="src\DlgPageTags.cpp">
      <Filter>Source Files</Filter>
    </ClCompile>
    <ClCompile Include="src\DlgProgress.cpp">
      <Filter>Source Files</Filter>
    </ClCompile>
    <ClCompile Include="src\DlgProperties.cpp">
      <Filter>Source Files</Filter>
    </ClCompile>
    <ClCompile Include="src\DlgRename.cpp">
      <Filter>Source Files</Filter>
    </ClCompile>
    <ClCompile Include="src\DlgSkin.cpp">
      <Filter>Source Files</Filter>
    </ClCompile>
    <ClCompile Include="src\DlgSmart.cpp">
      <Filter>Source Files</Filter>
    </ClCompile>
    <ClCompile Include="src\DlgSmartAlbums.cpp">
      <Filter>Source Files</Filter>
    </ClCompile>
    <ClCompile Include="src\DlgSmartTracks.cpp">
      <Filter>Source Files</Filter>
    </ClCompile>
    <ClCompile Include="src\DragIconWnd.cpp">
      <Filter>Source Files</Filter>
    </ClCompile>
    <ClCompile Include="src\DropTargetOpen.cpp">
      <Filter>Source Files</Filter>
    </ClCompile>
    <ClCompile Include="src\ExImage.cpp">
      <Filter>Source Files</Filter>
    </ClCompile>
    <ClCompile Include="src\FileDialogEx.cpp">
      <Filter>Source Files</Filter>
    </ClCompile>
    <ClCompile Include="src\FileSystem.cpp">
      <Filter>Source Files</Filter>
    </ClCompile>
    <ClCompile Include="src\FontsLoader.cpp">
      <Filter>Source Files</Filter>
    </ClCompile>
    <ClCompile Include="src\FutureWin.cpp">
      <Filter>Source Files</Filter>
    </ClCompile>
    <ClCompile Include="src\HotKeys.cpp">
      <Filter>Source Files</Filter>
    </ClCompile>
    <ClCompile Include="src\HttpClient.cpp">
      <Filter>Source Files</Filter>
    </ClCompile>
    <ClCompile Include="src\Language.cpp">
      <Filter>Source Files</Filter>
    </ClCompile>
    <ClCompile Include="src\LastFM.cpp">
      <Filter>Source Files</Filter>
    </ClCompile>
    <ClCompile Include="src\LibAudio.cpp">
      <Filter>Source Files</Filter>
    </ClCompile>
    <ClCompile Include="src\LyricsLoader.cpp">
      <Filter>Source Files</Filter>
    </ClCompile>
    <ClCompile Include="src\MessageBox.cpp">
      <Filter>Source Files</Filter>
    </ClCompile>
    <ClCompile Include="src\Messengers.cpp">
      <Filter>Source Files</Filter>
    </ClCompile>
    <ClCompile Include="src\MoveResize.cpp">
      <Filter>Source Files</Filter>
    </ClCompile>
    <ClCompile Include="src\MyDataObject.cpp">
      <Filter>Source Files</Filter>
    </ClCompile>
    <ClCompile Include="src\MyDropSource.cpp">
      <Filter>Source Files</Filter>
    </ClCompile>
    <ClCompile Include="src\MyDropTarget.cpp">
      <Filter>Source Files</Filter>
    </ClCompile>
    <ClCompile Include="src\PlsFile.cpp">
      <Filter>Source Files</Filter>
    </ClCompile>
    <ClCompile Include="src\Progress.cpp">
      <Filter>Source Files</Filter>
    </ClCompile>
    <ClCompile Include="src\Properties.cpp">
      <Filter>Source Files</Filter>
    </ClCompile>
    <ClCompile Include="src\Radio.cpp">
      <Filter>Source Files</Filter>
    </ClCompile>
    <ClCompile Include="src\Settings.cpp">
      <Filter>Source Files</Filter>
    </ClCompile>
    <ClCompile Include="src\SkinAlpha.cpp">
      <Filter>Source Files</Filter>
    </ClCompile>
    <ClCompile Include="src\SkinButton.cpp">
      <Filter>Source Files</Filter>
    </ClCompile>
    <ClCompile Include="src\SkinCover.cpp">
      <Filter>Source Files</Filter>
    </ClCompile>
    <ClCompile Include="src\SkinDraw.cpp">
      <Filter>Source Files</Filter>
    </ClCompile>
    <ClCompile Include="src\SkinEdit.cpp">
      <Filter>Source Files</Filter>
    </ClCompile>
    <ClCompile Include="src\SkinElement.cpp">
      <Filter>Source Files</Filter>
    </ClCompile>
    <ClCompile Include="src\SkinLayout.cpp">
      <Filter>Source Files</Filter>
    </ClCompile>
    <ClCompile Include="src\SkinLayoutBack.cpp">
      <Filter>Source Files</Filter>
    </ClCompile>
    <ClCompile Include="src\SkinLayoutElement.cpp">
      <Filter>Source Files</Filter>
    </ClCompile>
    <ClCompile Include="src\SkinList.cpp">
      <Filter>Source Files</Filter>
    </ClCompile>
    <ClCompile Include="src\SkinListBack.cpp">
      <Filter>Source Files</Filter>
    </ClCompile>
    <ClCompile Include="src\SkinListElement.cpp">
      <Filter>Source Files</Filter>
    </ClCompile>
    <ClCompile Include="src\SkinListNode.cpp">
      <Filter>Source Files</Filter>
    </ClCompile>
    <ClCompile Include="src\SkinListThread.cpp">
      <Filter>Source Files</Filter>
    </ClCompile>
    <ClCompile Include="src\SkinLyrics.cpp">
      <Filter>Source Files</Filter>
    </ClCompile>
    <ClCompile Include="src\SkinMini.cpp">
      <Filter>Source Files</Filter>
    </ClCompile>
    <ClCompile Include="src\SkinPopup.cpp">
      <Filter>Source Files</Filter>
    </ClCompile>
    <ClCompile Include="src\SkinPopupElement.cpp">
      <Filter>Source Files</Filter>
    </ClCompile>
    <ClCompile Include="src\SkinRating.cpp">
      <Filter>Source Files</Filter>
    </ClCompile>
    <ClCompile Include="src\SkinScroll.cpp">
      <Filter>Source Files</Filter>
    </ClCompile>
    <ClCompile Include="src\SkinShadow.cpp">
      <Filter>Source Files</Filter>
    </ClCompile>
    <ClCompile Include="src\SkinSlider.cpp">
      <Filter>Source Files</Filter>
    </ClCompile>
    <ClCompile Include="src\SkinSplitter.cpp">
      <Filter>Source Files</Filter>
    </ClCompile>
    <ClCompile Include="src\SkinSwitch.cpp">
      <Filter>Source Files</Filter>
    </ClCompile>
    <ClCompile Include="src\SkinText.cpp">
      <Filter>Source Files</Filter>
    </ClCompile>
    <ClCompile Include="src\SkinTree.cpp">
      <Filter>Source Files</Filter>
    </ClCompile>
    <ClCompile Include="src\SkinTreeBack.cpp">
      <Filter>Source Files</Filter>
    </ClCompile>
    <ClCompile Include="src\SkinTreeElement.cpp">
      <Filter>Source Files</Filter>
    </ClCompile>
    <ClCompile Include="src\SkinTreeNode.cpp">
      <Filter>Source Files</Filter>
    </ClCompile>
    <ClCompile Include="src\SkinTrigger.cpp">
      <Filter>Source Files</Filter>
    </ClCompile>
    <ClCompile Include="src\SkinVis.cpp">
      <Filter>Source Files</Filter>
    </ClCompile>
    <ClCompile Include="src\TagLibCover.cpp">
      <Filter>Source Files</Filter>
    </ClCompile>
    <ClCompile Include="src\TagLibLyrics.cpp">
      <Filter>Source Files</Filter>
    </ClCompile>
    <ClCompile Include="src\TagLibReader.cpp">
      <Filter>Source Files</Filter>
    </ClCompile>
    <ClCompile Include="src\TagLibWriter.cpp">
      <Filter>Source Files</Filter>
    </ClCompile>
    <ClCompile Include="src\Threading.cpp">
      <Filter>Source Files</Filter>
    </ClCompile>
    <ClCompile Include="src\ToolTips.cpp">
      <Filter>Source Files</Filter>
    </ClCompile>
    <ClCompile Include="src\TrayIcon.cpp">
      <Filter>Source Files</Filter>
    </ClCompile>
    <ClCompile Include="src\UTF.cpp">
      <Filter>Source Files</Filter>
    </ClCompile>
    <ClCompile Include="src\Win7TaskBar.cpp">
      <Filter>Source Files</Filter>
    </ClCompile>
    <ClCompile Include="src\WindowEx.cpp">
      <Filter>Source Files</Filter>
    </ClCompile>
    <ClCompile Include="src\WinylApp.cpp">
      <Filter>Source Files</Filter>
    </ClCompile>
    <ClCompile Include="src\WinylWnd.cpp">
      <Filter>Source Files</Filter>
    </ClCompile>
    <ClCompile Include="src\ZipFile.cpp">
      <Filter>Source Files</Filter>
    </ClCompile>
  </ItemGroup>
  <ItemGroup>
    <ResourceCompile Include="src\Winyl.rc">
      <Filter>Resource Files</Filter>
    </ResourceCompile>
  </ItemGroup>
  <ItemGroup>
    <Image Include="src\res\Drag.ico">
      <Filter>Resource Files</Filter>
    </Image>
    <Image Include="src\res\Folder.ico">
      <Filter>Resource Files</Filter>
    </Image>
    <Image Include="src\res\Hotkey.ico">
      <Filter>Resource Files</Filter>
    </Image>
    <Image Include="src\res\Info.ico">
      <Filter>Resource Files</Filter>
    </Image>
    <Image Include="src\res\Lang.ico">
      <Filter>Resource Files</Filter>
    </Image>
    <Image Include="src\res\Main.ico">
      <Filter>Resource Files</Filter>
    </Image>
    <Image Include="src\res\Plus.ico">
      <Filter>Resource Files</Filter>
    </Image>
    <Image Include="src\res\Skin.ico">
      <Filter>Resource Files</Filter>
    </Image>
    <Image Include="src\res\TagNext.ico">
      <Filter>Resource Files</Filter>
    </Image>
    <Image Include="src\res\TagPrev.ico">
      <Filter>Resource Files</Filter>
    </Image>
    <Image Include="src\res\ThumbNext.ico">
      <Filter>Resource Files</Filter>
    </Image>
    <Image Include="src\res\ThumbPause.ico">
      <Filter>Resource Files</Filter>
    </Image>
    <Image Include="src\res\ThumbPlay.ico">
      <Filter>Resource Files</Filter>
    </Image>
    <Image Include="src\res\ThumbPrev.ico">
      <Filter>Resource Files</Filter>
    </Image>
    <Image Include="src\res\ThumbStop.ico">
      <Filter>Resource Files</Filter>
    </Image>
    <Image Include="src\res\Tick.ico">
      <Filter>Resource Files</Filter>
    </Image>
    <Image Include="src\res\TrayExit.ico">
      <Filter>Resource Files</Filter>
    </Image>
    <Image Include="src\res\TrayNext.ico">
      <Filter>Resource Files</Filter>
    </Image>
    <Image Include="src\res\TrayPause.ico">
      <Filter>Resource Files</Filter>
    </Image>
    <Image Include="src\res\TrayPlay.ico">
      <Filter>Resource Files</Filter>
    </Image>
    <Image Include="src\res\TrayPrev.ico">
      <Filter>Resource Files</Filter>
    </Image>
    <Image Include="src\res\TrayStop.ico">
      <Filter>Resource Files</Filter>
    </Image>
    <Image Include="src\res\Winyl.ico">
      <Filter>Resource Files</Filter>
    </Image>
  </ItemGroup>
</Project>